<?xml version="1.0" encoding="utf-8"?>
<Project ToolsVersion="4.0" xmlns="http://schemas.microsoft.com/developer/msbuild/2003">
  <ItemGroup>
    <Filter Include="Source Files">
      <UniqueIdentifier>{4FC737F1-C7A5-4376-A066-2A32D752A2FF}</UniqueIdentifier>
      <Extensions>cpp;c;cc;cxx;def;odl;idl;hpj;bat;asm;asmx</Extensions>
    </Filter>
    <Filter Include="Header Files">
      <UniqueIdentifier>{93995380-89BD-4b04-88EB-625FBE52EBFB}</UniqueIdentifier>
      <Extensions>h;hh;hpp;hxx;hm;inl;inc;ipp;xsd</Extensions>
    </Filter>
    <Filter Include="Resource Files">
      <UniqueIdentifier>{67DA6AB6-F800-4c08-8B7A-83BB121AAD01}</UniqueIdentifier>
      <Extensions>rc;ico;cur;bmp;dlg;rc2;rct;bin;rgs;gif;jpg;jpeg;jpe;resx;tiff;tif;png;wav;mfcribbon-ms</Extensions>
    </Filter>
  </ItemGroup>
  <ItemGroup>
    <ClCompile Include="source\annual_rates.cpp">
      <Filter>Source Files</Filter>
    </ClCompile>
    <ClCompile Include="source\atm_pres.cpp">
      <Filter>Source Files</Filter>
    </ClCompile>
    <ClCompile Include="source\baresoil_evap.cpp">
      <Filter>Source Files</Filter>
    </ClCompile>
    <ClCompile Include="source\bgc.cpp">
      <Filter>Source Files</Filter>
    </ClCompile>
    <ClCompile Include="source\bgc_io.cpp">
      <Filter>Source Files</Filter>
    </ClCompile>
    <ClCompile Include="source\canopy_et.cpp">
      <Filter>Source Files</Filter>
    </ClCompile>
    <ClCompile Include="source\check_balance.cpp">
      <Filter>Source Files</Filter>
    </ClCompile>
    <ClCompile Include="source\daily_allocation.cpp">
      <Filter>Source Files</Filter>
    </ClCompile>
    <ClCompile Include="source\daymet.cpp">
      <Filter>Source Files</Filter>
    </ClCompile>
    <ClCompile Include="source\dayphen.cpp">
      <Filter>Source Files</Filter>
    </ClCompile>
    <ClCompile Include="source\decomp.cpp">
      <Filter>Source Files</Filter>
    </ClCompile>
    <ClCompile Include="source\decomp_soil.cpp">
      <Filter>Source Files</Filter>
    </ClCompile>
    <ClCompile Include="source\firstday.cpp">
      <Filter>Source Files</Filter>
    </ClCompile>
    <ClCompile Include="source\FSM_core.cpp">
      <Filter>Source Files</Filter>
    </ClCompile>
    <ClCompile Include="source\FSM_func1.cpp">
      <Filter>Source Files</Filter>
    </ClCompile>
    <ClCompile Include="source\FSM_func2.cpp">
      <Filter>Source Files</Filter>
    </ClCompile>
    <ClCompile Include="source\getopt.cpp">
      <Filter>Source Files</Filter>
    </ClCompile>
    <ClCompile Include="source\get_co2.cpp">
      <Filter>Source Files</Filter>
    </ClCompile>
    <ClCompile Include="source\get_ndep.cpp">
      <Filter>Source Files</Filter>
    </ClCompile>
    <ClCompile Include="source\growth_resp.cpp">
      <Filter>Source Files</Filter>
    </ClCompile>
    <ClCompile Include="source\maint_resp.cpp">
      <Filter>Source Files</Filter>
    </ClCompile>
    <ClCompile Include="source\make_zero_flux_struct.cpp">
      <Filter>Source Files</Filter>
    </ClCompile>
    <ClCompile Include="source\make_zero_state_struct.cpp">
      <Filter>Source Files</Filter>
    </ClCompile>
    <ClCompile Include="source\mortality.cpp">
      <Filter>Source Files</Filter>
    </ClCompile>
    <ClCompile Include="source\nleaching.cpp">
      <Filter>Source Files</Filter>
    </ClCompile>
    <ClCompile Include="source\outflow.cpp">
      <Filter>Source Files</Filter>
    </ClCompile>
    <ClCompile Include="source\output_ascii.cpp">
      <Filter>Source Files</Filter>
    </ClCompile>
    <ClCompile Include="source\output_map_init.cpp">
      <Filter>Source Files</Filter>
    </ClCompile>
    <ClCompile Include="source\phenology.cpp">
      <Filter>Source Files</Filter>
    </ClCompile>
    <ClCompile Include="source\photosynthesis.cpp">
      <Filter>Source Files</Filter>
    </ClCompile>
    <ClCompile Include="source\prcp_route.cpp">
      <Filter>Source Files</Filter>
    </ClCompile>
    <ClCompile Include="source\precision_control.cpp">
      <Filter>Source Files</Filter>
    </ClCompile>
    <ClCompile Include="source\prephenology.cpp">
      <Filter>Source Files</Filter>
    </ClCompile>
    <ClCompile Include="source\radtrans.cpp">
      <Filter>Source Files</Filter>
    </ClCompile>
    <ClCompile Include="source\restart_io.cpp">
      <Filter>Source Files</Filter>
    </ClCompile>
    <ClCompile Include="source\re_initialized.cpp">
      <Filter>Source Files</Filter>
    </ClCompile>
    <ClCompile Include="source\smooth.cpp">
      <Filter>Source Files</Filter>
    </ClCompile>
    <ClCompile Include="source\snowmelt.cpp">
      <Filter>Source Files</Filter>
    </ClCompile>
    <ClCompile Include="source\soilpsi.cpp">
      <Filter>Source Files</Filter>
    </ClCompile>
    <ClCompile Include="source\state_update.cpp">
      <Filter>Source Files</Filter>
    </ClCompile>
    <ClCompile Include="source\summary.cpp">
      <Filter>Source Files</Filter>
    </ClCompile>
    <ClCompile Include="source\zero_srcsnk.cpp">
      <Filter>Source Files</Filter>
    </ClCompile>
    <ClCompile Include="source\climateLoader.cpp">
      <Filter>Source Files</Filter>
    </ClCompile>
    <ClCompile Include="source\GSI_calculation.cpp">
      <Filter>Source Files</Filter>
    </ClCompile>
  </ItemGroup>
  <ItemGroup>
    <ClInclude Include="..\include\getopt.h">
      <Filter>Header Files</Filter>
    </ClInclude>
  </ItemGroup>
</Project>